
Microsoft Visual Studio Solution File, Format Version 12.00
# Visual Studio Version 17
VisualStudioVersion = 17.1.32210.238
MinimumVisualStudioVersion = 10.0.40219.1
Project("{9A19103F-16F7-4668-BE54-9A1E7A4F7556}") = "Merp.Accountancy.CommandStack", "src\Merp.Accountancy.CommandStack\Merp.Accountancy.CommandStack.csproj", "{A30BA9D9-CE21-407A-94FB-F9C8C99564B4}"
EndProject
Project("{9A19103F-16F7-4668-BE54-9A1E7A4F7556}") = "Merp.Accountancy.QueryStack", "src\Merp.Accountancy.QueryStack\Merp.Accountancy.QueryStack.csproj", "{9C6564D4-6628-4A91-B9D2-C1402E6BB49F}"
EndProject
Project("{9A19103F-16F7-4668-BE54-9A1E7A4F7556}") = "Merp.Registry.CommandStack", "src\Merp.Registry.CommandStack\Merp.Registry.CommandStack.csproj", "{C35B83A3-A7D7-4787-875F-9954FC68C874}"
EndProject
Project("{9A19103F-16F7-4668-BE54-9A1E7A4F7556}") = "Merp.Registry.QueryStack", "src\Merp.Registry.QueryStack\Merp.Registry.QueryStack.csproj", "{20C49CBE-1696-4EDD-B96A-2EFD0ACD526F}"
EndProject
Project("{9A19103F-16F7-4668-BE54-9A1E7A4F7556}") = "Merp.Accountancy.CommandStack.Tests", "test\Merp.Accountancy.CommandStack.Tests\Merp.Accountancy.CommandStack.Tests.csproj", "{7CF348DB-972B-4D3D-A289-4E4E3AEE84F3}"
EndProject
Project("{9A19103F-16F7-4668-BE54-9A1E7A4F7556}") = "Merp.Registry.CommandStack.Tests", "test\Merp.Registry.CommandStack.Tests\Merp.Registry.CommandStack.Tests.csproj", "{0C946005-96FD-482E-A85A-D6C00674D00E}"
EndProject
Project("{9A19103F-16F7-4668-BE54-9A1E7A4F7556}") = "Acl.RegistryResolutionServices", "src\Acl.RegistryResolutionServices\Acl.RegistryResolutionServices.csproj", "{C8665D8A-A3AF-4F41-A435-EBADDB96DD03}"
EndProject
Project("{9A19103F-16F7-4668-BE54-9A1E7A4F7556}") = "Merp.Web", "src\Merp.Web\Merp.Web.csproj", "{61FEE25C-DFA7-43AB-A280-60E0516DCF06}"
EndProject
Project("{2150E333-8FDC-42A3-9474-1A3956D46DE8}") = "Accountancy", "Accountancy", "{2FC0931F-A19F-4CB9-B67C-EE3011AECBB9}"
EndProject
Project("{2150E333-8FDC-42A3-9474-1A3956D46DE8}") = "Registry", "Registry", "{FB193916-D800-46C9-86EB-E00045A3B023}"
EndProject
Project("{9A19103F-16F7-4668-BE54-9A1E7A4F7556}") = "Merp.Domain", "src\Merp.Domain\Merp.Domain.csproj", "{9E0C48CA-2C09-4FC2-8DCA-99F69AD13489}"
EndProject
Project("{2150E333-8FDC-42A3-9474-1A3956D46DE8}") = "Bot", "Bot", "{8DBB6DD9-F934-4BBA-B327-879B5011470D}"
EndProject
Project("{2150E333-8FDC-42A3-9474-1A3956D46DE8}") = "Acl", "Acl", "{9376387A-C2BC-497A-B432-270E2AED4404}"
EndProject
Project("{2150E333-8FDC-42A3-9474-1A3956D46DE8}") = "Bounded Contexts", "Bounded Contexts", "{96113957-BB23-449B-864F-31697B1B5F94}"
EndProject
Project("{9A19103F-16F7-4668-BE54-9A1E7A4F7556}") = "Acl.CurrencyExchangeRateServices", "src\Acl.CurrencyExchangeRateServices\Acl.CurrencyExchangeRateServices.csproj", "{05893A9E-B483-4FFE-BB11-3A957D9D315D}"
EndProject
Project("{9A19103F-16F7-4668-BE54-9A1E7A4F7556}") = "Merp.Registry.Web.Api.Public", "src\Merp.Registry.Web.Api.Public\Merp.Registry.Web.Api.Public.csproj", "{968E3EFB-1419-4A99-8E4F-1EE414EBD22A}"
EndProject
Project("{9A19103F-16F7-4668-BE54-9A1E7A4F7556}") = "Acl.Postie", "src\Acl.Postie\Acl.Postie.csproj", "{682FCD94-E1EE-492F-A1CE-E9C4307A31FB}"
EndProject
Project("{2150E333-8FDC-42A3-9474-1A3956D46DE8}") = "TimeTracking", "TimeTracking", "{5D7983FE-9745-4E52-9870-4A6175DA5D0E}"
EndProject
Project("{9A19103F-16F7-4668-BE54-9A1E7A4F7556}") = "Merp.TimeTracking.TaskManagement.CommandStack", "src\Merp.TimeTracking.TaskManagement.CommandStack\Merp.TimeTracking.TaskManagement.CommandStack.csproj", "{D7E08123-69C5-4023-B2C6-B5F6CCA96BA8}"
EndProject
Project("{9A19103F-16F7-4668-BE54-9A1E7A4F7556}") = "Merp.TimeTracking.TaskManagement.QueryStack", "src\Merp.TimeTracking.TaskManagement.QueryStack\Merp.TimeTracking.TaskManagement.QueryStack.csproj", "{00B9A3DA-E152-4135-8764-AF6812FA2623}"
EndProject
Project("{9A19103F-16F7-4668-BE54-9A1E7A4F7556}") = "Merp.Accountancy.Web.Api.Internal", "src\Merp.Accountancy.Web.Api.Internal\Merp.Accountancy.Web.Api.Internal.csproj", "{29998D13-3E79-4FA3-AF9E-E785A31F625A}"
EndProject
Project("{9A19103F-16F7-4668-BE54-9A1E7A4F7556}") = "Merp.Accountancy.Drafts", "src\Merp.Accountancy.Drafts\Merp.Accountancy.Drafts.csproj", "{1078589B-5183-416C-832F-DAC0EAEE125C}"
EndProject
Project("{9A19103F-16F7-4668-BE54-9A1E7A4F7556}") = "Acl.Alexandria", "src\Acl.Alexandria\Acl.Alexandria.csproj", "{E324FC8E-F6B8-44AF-9999-BC35385D4113}"
EndProject
Project("{9A19103F-16F7-4668-BE54-9A1E7A4F7556}") = "Merp.Martin.Intents", "src\Merp.Martin.Intents\Merp.Martin.Intents.csproj", "{FC2DB4E2-34B2-4DA6-9DB2-C0C5502F7910}"
EndProject
Project("{9A19103F-16F7-4668-BE54-9A1E7A4F7556}") = "Merp.Martin.Web.Alexa", "src\Merp.Martin.Web.Alexa\Merp.Martin.Web.Alexa.csproj", "{E3C8BAD1-0474-4143-8EBB-EC8A7A89F513}"
EndProject
Project("{9A19103F-16F7-4668-BE54-9A1E7A4F7556}") = "Merp.Martin.Web.BotFramework", "src\Merp.Martin.Web.BotFramework\Merp.Martin.Web.BotFramework.csproj", "{6D3A7D3B-CE87-4F88-9A3A-E8D7B6D35C01}"
EndProject
Project("{9A19103F-16F7-4668-BE54-9A1E7A4F7556}") = "Merp.Accountancy.Settings", "src\Merp.Accountancy.Settings\Merp.Accountancy.Settings.csproj", "{B064863E-1BC3-4110-9E06-B3D496668FF3}"
EndProject
Project("{9A19103F-16F7-4668-BE54-9A1E7A4F7556}") = "Merp.Accountancy.Web.Api.Public", "src\Merp.Accountancy.Web.Api.Public\Merp.Accountancy.Web.Api.Public.csproj", "{58D52359-F44F-4278-BC17-091849649023}"
EndProject
Project("{9A19103F-16F7-4668-BE54-9A1E7A4F7556}") = "Merp.Web.App", "src\Merp.Web.App\Merp.Web.App.csproj", "{2B1237CE-60B3-4088-B91D-00A045AA2597}"
EndProject
Project("{9A19103F-16F7-4668-BE54-9A1E7A4F7556}") = "Merp.Registry.Web.Core", "src\Merp.Registry.Web.Core\Merp.Registry.Web.Core.csproj", "{24356942-2BE1-44E5-8F10-550DA8871DAA}"
EndProject
Project("{9A19103F-16F7-4668-BE54-9A1E7A4F7556}") = "Merp.Accountancy.Web.Core", "src\Merp.Accountancy.Web.Core\Merp.Accountancy.Web.Core.csproj", "{9F064270-99B2-4F22-9286-4D4E51DEBC10}"
EndProject
Project("{2150E333-8FDC-42A3-9474-1A3956D46DE8}") = "API", "API", "{C37B11F0-99D7-4EED-BF45-024BDA8CD0F9}"
EndProject
Project("{2150E333-8FDC-42A3-9474-1A3956D46DE8}") = "API", "API", "{EE03A1D7-3D81-425C-ABA1-426486192D31}"
EndProject
Project("{2150E333-8FDC-42A3-9474-1A3956D46DE8}") = "API", "API", "{7F4D9BF6-CB6C-4B95-8585-4B9675F9B88F}"
EndProject
Project("{9A19103F-16F7-4668-BE54-9A1E7A4F7556}") = "Merp.Registry.Web.App", "src\Merp.Registry.Web.App\Merp.Registry.Web.App.csproj", "{3EE849B7-EFEC-4778-BACE-4854CC9FD6CF}"
EndProject
Project("{9A19103F-16F7-4668-BE54-9A1E7A4F7556}") = "Merp.Web.Blazor", "src\Merp.Web.Blazor\Merp.Web.Blazor.csproj", "{1BB53289-7988-4BA3-AEBC-1567E0FAC9B7}"
EndProject
Project("{9A19103F-16F7-4668-BE54-9A1E7A4F7556}") = "Merp.Accountancy.Web.App", "src\Merp.Accountancy.Web.App\Merp.Accountancy.Web.App.csproj", "{2328833E-3BB7-42B6-9079-2241DD673C09}"
EndProject
Project("{9A19103F-16F7-4668-BE54-9A1E7A4F7556}") = "Merp.Registry.Web.Api.Internal", "src\Merp.Registry.Web.Api.Internal\Merp.Registry.Web.Api.Internal.csproj", "{9B02AB21-5C15-4168-AB4B-290A9266DE27}"
EndProject
Global
	GlobalSection(SolutionConfigurationPlatforms) = preSolution
		Debug|Any CPU = Debug|Any CPU
		Release|Any CPU = Release|Any CPU
	EndGlobalSection
	GlobalSection(ProjectConfigurationPlatforms) = postSolution
		{A30BA9D9-CE21-407A-94FB-F9C8C99564B4}.Debug|Any CPU.ActiveCfg = Debug|Any CPU
		{A30BA9D9-CE21-407A-94FB-F9C8C99564B4}.Debug|Any CPU.Build.0 = Debug|Any CPU
		{A30BA9D9-CE21-407A-94FB-F9C8C99564B4}.Release|Any CPU.ActiveCfg = Release|Any CPU
		{A30BA9D9-CE21-407A-94FB-F9C8C99564B4}.Release|Any CPU.Build.0 = Release|Any CPU
		{9C6564D4-6628-4A91-B9D2-C1402E6BB49F}.Debug|Any CPU.ActiveCfg = Debug|Any CPU
		{9C6564D4-6628-4A91-B9D2-C1402E6BB49F}.Debug|Any CPU.Build.0 = Debug|Any CPU
		{9C6564D4-6628-4A91-B9D2-C1402E6BB49F}.Release|Any CPU.ActiveCfg = Release|Any CPU
		{9C6564D4-6628-4A91-B9D2-C1402E6BB49F}.Release|Any CPU.Build.0 = Release|Any CPU
		{C35B83A3-A7D7-4787-875F-9954FC68C874}.Debug|Any CPU.ActiveCfg = Debug|Any CPU
		{C35B83A3-A7D7-4787-875F-9954FC68C874}.Debug|Any CPU.Build.0 = Debug|Any CPU
		{C35B83A3-A7D7-4787-875F-9954FC68C874}.Release|Any CPU.ActiveCfg = Release|Any CPU
		{C35B83A3-A7D7-4787-875F-9954FC68C874}.Release|Any CPU.Build.0 = Release|Any CPU
		{20C49CBE-1696-4EDD-B96A-2EFD0ACD526F}.Debug|Any CPU.ActiveCfg = Debug|Any CPU
		{20C49CBE-1696-4EDD-B96A-2EFD0ACD526F}.Debug|Any CPU.Build.0 = Debug|Any CPU
		{20C49CBE-1696-4EDD-B96A-2EFD0ACD526F}.Release|Any CPU.ActiveCfg = Release|Any CPU
		{20C49CBE-1696-4EDD-B96A-2EFD0ACD526F}.Release|Any CPU.Build.0 = Release|Any CPU
		{7CF348DB-972B-4D3D-A289-4E4E3AEE84F3}.Debug|Any CPU.ActiveCfg = Debug|Any CPU
		{7CF348DB-972B-4D3D-A289-4E4E3AEE84F3}.Debug|Any CPU.Build.0 = Debug|Any CPU
		{7CF348DB-972B-4D3D-A289-4E4E3AEE84F3}.Release|Any CPU.ActiveCfg = Release|Any CPU
		{7CF348DB-972B-4D3D-A289-4E4E3AEE84F3}.Release|Any CPU.Build.0 = Release|Any CPU
		{0C946005-96FD-482E-A85A-D6C00674D00E}.Debug|Any CPU.ActiveCfg = Debug|Any CPU
		{0C946005-96FD-482E-A85A-D6C00674D00E}.Debug|Any CPU.Build.0 = Debug|Any CPU
		{0C946005-96FD-482E-A85A-D6C00674D00E}.Release|Any CPU.ActiveCfg = Release|Any CPU
		{0C946005-96FD-482E-A85A-D6C00674D00E}.Release|Any CPU.Build.0 = Release|Any CPU
		{C8665D8A-A3AF-4F41-A435-EBADDB96DD03}.Debug|Any CPU.ActiveCfg = Debug|Any CPU
		{C8665D8A-A3AF-4F41-A435-EBADDB96DD03}.Debug|Any CPU.Build.0 = Debug|Any CPU
		{C8665D8A-A3AF-4F41-A435-EBADDB96DD03}.Release|Any CPU.ActiveCfg = Release|Any CPU
		{C8665D8A-A3AF-4F41-A435-EBADDB96DD03}.Release|Any CPU.Build.0 = Release|Any CPU
		{61FEE25C-DFA7-43AB-A280-60E0516DCF06}.Debug|Any CPU.ActiveCfg = Debug|Any CPU
		{61FEE25C-DFA7-43AB-A280-60E0516DCF06}.Debug|Any CPU.Build.0 = Debug|Any CPU
		{61FEE25C-DFA7-43AB-A280-60E0516DCF06}.Release|Any CPU.ActiveCfg = Release|Any CPU
		{61FEE25C-DFA7-43AB-A280-60E0516DCF06}.Release|Any CPU.Build.0 = Release|Any CPU
		{9E0C48CA-2C09-4FC2-8DCA-99F69AD13489}.Debug|Any CPU.ActiveCfg = Debug|Any CPU
		{9E0C48CA-2C09-4FC2-8DCA-99F69AD13489}.Debug|Any CPU.Build.0 = Debug|Any CPU
		{9E0C48CA-2C09-4FC2-8DCA-99F69AD13489}.Release|Any CPU.ActiveCfg = Release|Any CPU
		{9E0C48CA-2C09-4FC2-8DCA-99F69AD13489}.Release|Any CPU.Build.0 = Release|Any CPU
		{05893A9E-B483-4FFE-BB11-3A957D9D315D}.Debug|Any CPU.ActiveCfg = Debug|Any CPU
		{05893A9E-B483-4FFE-BB11-3A957D9D315D}.Debug|Any CPU.Build.0 = Debug|Any CPU
		{05893A9E-B483-4FFE-BB11-3A957D9D315D}.Release|Any CPU.ActiveCfg = Release|Any CPU
		{05893A9E-B483-4FFE-BB11-3A957D9D315D}.Release|Any CPU.Build.0 = Release|Any CPU
		{968E3EFB-1419-4A99-8E4F-1EE414EBD22A}.Debug|Any CPU.ActiveCfg = Debug|Any CPU
		{968E3EFB-1419-4A99-8E4F-1EE414EBD22A}.Debug|Any CPU.Build.0 = Debug|Any CPU
		{968E3EFB-1419-4A99-8E4F-1EE414EBD22A}.Release|Any CPU.ActiveCfg = Release|Any CPU
		{968E3EFB-1419-4A99-8E4F-1EE414EBD22A}.Release|Any CPU.Build.0 = Release|Any CPU
		{682FCD94-E1EE-492F-A1CE-E9C4307A31FB}.Debug|Any CPU.ActiveCfg = Debug|Any CPU
		{682FCD94-E1EE-492F-A1CE-E9C4307A31FB}.Debug|Any CPU.Build.0 = Debug|Any CPU
		{682FCD94-E1EE-492F-A1CE-E9C4307A31FB}.Release|Any CPU.ActiveCfg = Release|Any CPU
		{682FCD94-E1EE-492F-A1CE-E9C4307A31FB}.Release|Any CPU.Build.0 = Release|Any CPU
		{D7E08123-69C5-4023-B2C6-B5F6CCA96BA8}.Debug|Any CPU.ActiveCfg = Debug|Any CPU
		{D7E08123-69C5-4023-B2C6-B5F6CCA96BA8}.Debug|Any CPU.Build.0 = Debug|Any CPU
		{D7E08123-69C5-4023-B2C6-B5F6CCA96BA8}.Release|Any CPU.ActiveCfg = Release|Any CPU
		{D7E08123-69C5-4023-B2C6-B5F6CCA96BA8}.Release|Any CPU.Build.0 = Release|Any CPU
		{00B9A3DA-E152-4135-8764-AF6812FA2623}.Debug|Any CPU.ActiveCfg = Debug|Any CPU
		{00B9A3DA-E152-4135-8764-AF6812FA2623}.Debug|Any CPU.Build.0 = Debug|Any CPU
		{00B9A3DA-E152-4135-8764-AF6812FA2623}.Release|Any CPU.ActiveCfg = Release|Any CPU
		{00B9A3DA-E152-4135-8764-AF6812FA2623}.Release|Any CPU.Build.0 = Release|Any CPU
		{29998D13-3E79-4FA3-AF9E-E785A31F625A}.Debug|Any CPU.ActiveCfg = Debug|Any CPU
		{29998D13-3E79-4FA3-AF9E-E785A31F625A}.Debug|Any CPU.Build.0 = Debug|Any CPU
		{29998D13-3E79-4FA3-AF9E-E785A31F625A}.Release|Any CPU.ActiveCfg = Release|Any CPU
		{29998D13-3E79-4FA3-AF9E-E785A31F625A}.Release|Any CPU.Build.0 = Release|Any CPU
		{1078589B-5183-416C-832F-DAC0EAEE125C}.Debug|Any CPU.ActiveCfg = Debug|Any CPU
		{1078589B-5183-416C-832F-DAC0EAEE125C}.Debug|Any CPU.Build.0 = Debug|Any CPU
		{1078589B-5183-416C-832F-DAC0EAEE125C}.Release|Any CPU.ActiveCfg = Release|Any CPU
		{1078589B-5183-416C-832F-DAC0EAEE125C}.Release|Any CPU.Build.0 = Release|Any CPU
		{E324FC8E-F6B8-44AF-9999-BC35385D4113}.Debug|Any CPU.ActiveCfg = Debug|Any CPU
		{E324FC8E-F6B8-44AF-9999-BC35385D4113}.Debug|Any CPU.Build.0 = Debug|Any CPU
		{E324FC8E-F6B8-44AF-9999-BC35385D4113}.Release|Any CPU.ActiveCfg = Release|Any CPU
		{E324FC8E-F6B8-44AF-9999-BC35385D4113}.Release|Any CPU.Build.0 = Release|Any CPU
		{FC2DB4E2-34B2-4DA6-9DB2-C0C5502F7910}.Debug|Any CPU.ActiveCfg = Debug|Any CPU
		{FC2DB4E2-34B2-4DA6-9DB2-C0C5502F7910}.Debug|Any CPU.Build.0 = Debug|Any CPU
		{FC2DB4E2-34B2-4DA6-9DB2-C0C5502F7910}.Release|Any CPU.ActiveCfg = Release|Any CPU
		{FC2DB4E2-34B2-4DA6-9DB2-C0C5502F7910}.Release|Any CPU.Build.0 = Release|Any CPU
		{E3C8BAD1-0474-4143-8EBB-EC8A7A89F513}.Debug|Any CPU.ActiveCfg = Debug|Any CPU
		{E3C8BAD1-0474-4143-8EBB-EC8A7A89F513}.Debug|Any CPU.Build.0 = Debug|Any CPU
		{E3C8BAD1-0474-4143-8EBB-EC8A7A89F513}.Release|Any CPU.ActiveCfg = Release|Any CPU
		{E3C8BAD1-0474-4143-8EBB-EC8A7A89F513}.Release|Any CPU.Build.0 = Release|Any CPU
		{6D3A7D3B-CE87-4F88-9A3A-E8D7B6D35C01}.Debug|Any CPU.ActiveCfg = Debug|Any CPU
		{6D3A7D3B-CE87-4F88-9A3A-E8D7B6D35C01}.Debug|Any CPU.Build.0 = Debug|Any CPU
		{6D3A7D3B-CE87-4F88-9A3A-E8D7B6D35C01}.Release|Any CPU.ActiveCfg = Release|Any CPU
		{6D3A7D3B-CE87-4F88-9A3A-E8D7B6D35C01}.Release|Any CPU.Build.0 = Release|Any CPU
		{B064863E-1BC3-4110-9E06-B3D496668FF3}.Debug|Any CPU.ActiveCfg = Debug|Any CPU
		{B064863E-1BC3-4110-9E06-B3D496668FF3}.Debug|Any CPU.Build.0 = Debug|Any CPU
		{B064863E-1BC3-4110-9E06-B3D496668FF3}.Release|Any CPU.ActiveCfg = Release|Any CPU
		{B064863E-1BC3-4110-9E06-B3D496668FF3}.Release|Any CPU.Build.0 = Release|Any CPU
		{58D52359-F44F-4278-BC17-091849649023}.Debug|Any CPU.ActiveCfg = Debug|Any CPU
		{58D52359-F44F-4278-BC17-091849649023}.Debug|Any CPU.Build.0 = Debug|Any CPU
		{58D52359-F44F-4278-BC17-091849649023}.Release|Any CPU.ActiveCfg = Release|Any CPU
		{58D52359-F44F-4278-BC17-091849649023}.Release|Any CPU.Build.0 = Release|Any CPU
		{2B1237CE-60B3-4088-B91D-00A045AA2597}.Debug|Any CPU.ActiveCfg = Debug|Any CPU
		{2B1237CE-60B3-4088-B91D-00A045AA2597}.Debug|Any CPU.Build.0 = Debug|Any CPU
		{2B1237CE-60B3-4088-B91D-00A045AA2597}.Release|Any CPU.ActiveCfg = Release|Any CPU
		{2B1237CE-60B3-4088-B91D-00A045AA2597}.Release|Any CPU.Build.0 = Release|Any CPU
		{24356942-2BE1-44E5-8F10-550DA8871DAA}.Debug|Any CPU.ActiveCfg = Debug|Any CPU
		{24356942-2BE1-44E5-8F10-550DA8871DAA}.Debug|Any CPU.Build.0 = Debug|Any CPU
		{24356942-2BE1-44E5-8F10-550DA8871DAA}.Release|Any CPU.ActiveCfg = Release|Any CPU
		{24356942-2BE1-44E5-8F10-550DA8871DAA}.Release|Any CPU.Build.0 = Release|Any CPU
		{9F064270-99B2-4F22-9286-4D4E51DEBC10}.Debug|Any CPU.ActiveCfg = Debug|Any CPU
		{9F064270-99B2-4F22-9286-4D4E51DEBC10}.Debug|Any CPU.Build.0 = Debug|Any CPU
		{9F064270-99B2-4F22-9286-4D4E51DEBC10}.Release|Any CPU.ActiveCfg = Release|Any CPU
		{9F064270-99B2-4F22-9286-4D4E51DEBC10}.Release|Any CPU.Build.0 = Release|Any CPU
		{3EE849B7-EFEC-4778-BACE-4854CC9FD6CF}.Debug|Any CPU.ActiveCfg = Debug|Any CPU
		{3EE849B7-EFEC-4778-BACE-4854CC9FD6CF}.Debug|Any CPU.Build.0 = Debug|Any CPU
		{3EE849B7-EFEC-4778-BACE-4854CC9FD6CF}.Release|Any CPU.ActiveCfg = Release|Any CPU
		{3EE849B7-EFEC-4778-BACE-4854CC9FD6CF}.Release|Any CPU.Build.0 = Release|Any CPU
		{1BB53289-7988-4BA3-AEBC-1567E0FAC9B7}.Debug|Any CPU.ActiveCfg = Debug|Any CPU
		{1BB53289-7988-4BA3-AEBC-1567E0FAC9B7}.Debug|Any CPU.Build.0 = Debug|Any CPU
		{1BB53289-7988-4BA3-AEBC-1567E0FAC9B7}.Release|Any CPU.ActiveCfg = Release|Any CPU
		{1BB53289-7988-4BA3-AEBC-1567E0FAC9B7}.Release|Any CPU.Build.0 = Release|Any CPU
		{2328833E-3BB7-42B6-9079-2241DD673C09}.Debug|Any CPU.ActiveCfg = Debug|Any CPU
		{2328833E-3BB7-42B6-9079-2241DD673C09}.Debug|Any CPU.Build.0 = Debug|Any CPU
		{2328833E-3BB7-42B6-9079-2241DD673C09}.Release|Any CPU.ActiveCfg = Release|Any CPU
		{2328833E-3BB7-42B6-9079-2241DD673C09}.Release|Any CPU.Build.0 = Release|Any CPU
		{9B02AB21-5C15-4168-AB4B-290A9266DE27}.Debug|Any CPU.ActiveCfg = Debug|Any CPU
		{9B02AB21-5C15-4168-AB4B-290A9266DE27}.Debug|Any CPU.Build.0 = Debug|Any CPU
		{9B02AB21-5C15-4168-AB4B-290A9266DE27}.Release|Any CPU.ActiveCfg = Release|Any CPU
		{9B02AB21-5C15-4168-AB4B-290A9266DE27}.Release|Any CPU.Build.0 = Release|Any CPU
	EndGlobalSection
	GlobalSection(SolutionProperties) = preSolution
		HideSolutionNode = FALSE
	EndGlobalSection
	GlobalSection(NestedProjects) = preSolution
		{A30BA9D9-CE21-407A-94FB-F9C8C99564B4} = {2FC0931F-A19F-4CB9-B67C-EE3011AECBB9}
		{9C6564D4-6628-4A91-B9D2-C1402E6BB49F} = {2FC0931F-A19F-4CB9-B67C-EE3011AECBB9}
		{C35B83A3-A7D7-4787-875F-9954FC68C874} = {FB193916-D800-46C9-86EB-E00045A3B023}
		{20C49CBE-1696-4EDD-B96A-2EFD0ACD526F} = {FB193916-D800-46C9-86EB-E00045A3B023}
		{7CF348DB-972B-4D3D-A289-4E4E3AEE84F3} = {2FC0931F-A19F-4CB9-B67C-EE3011AECBB9}
		{0C946005-96FD-482E-A85A-D6C00674D00E} = {FB193916-D800-46C9-86EB-E00045A3B023}
		{C8665D8A-A3AF-4F41-A435-EBADDB96DD03} = {9376387A-C2BC-497A-B432-270E2AED4404}
		{2FC0931F-A19F-4CB9-B67C-EE3011AECBB9} = {96113957-BB23-449B-864F-31697B1B5F94}
		{FB193916-D800-46C9-86EB-E00045A3B023} = {96113957-BB23-449B-864F-31697B1B5F94}
		{05893A9E-B483-4FFE-BB11-3A957D9D315D} = {9376387A-C2BC-497A-B432-270E2AED4404}
		{968E3EFB-1419-4A99-8E4F-1EE414EBD22A} = {C37B11F0-99D7-4EED-BF45-024BDA8CD0F9}
		{682FCD94-E1EE-492F-A1CE-E9C4307A31FB} = {9376387A-C2BC-497A-B432-270E2AED4404}
		{5D7983FE-9745-4E52-9870-4A6175DA5D0E} = {96113957-BB23-449B-864F-31697B1B5F94}
		{D7E08123-69C5-4023-B2C6-B5F6CCA96BA8} = {5D7983FE-9745-4E52-9870-4A6175DA5D0E}
		{00B9A3DA-E152-4135-8764-AF6812FA2623} = {5D7983FE-9745-4E52-9870-4A6175DA5D0E}
		{29998D13-3E79-4FA3-AF9E-E785A31F625A} = {EE03A1D7-3D81-425C-ABA1-426486192D31}
		{1078589B-5183-416C-832F-DAC0EAEE125C} = {2FC0931F-A19F-4CB9-B67C-EE3011AECBB9}
		{E324FC8E-F6B8-44AF-9999-BC35385D4113} = {9376387A-C2BC-497A-B432-270E2AED4404}
		{FC2DB4E2-34B2-4DA6-9DB2-C0C5502F7910} = {8DBB6DD9-F934-4BBA-B327-879B5011470D}
		{E3C8BAD1-0474-4143-8EBB-EC8A7A89F513} = {8DBB6DD9-F934-4BBA-B327-879B5011470D}
		{6D3A7D3B-CE87-4F88-9A3A-E8D7B6D35C01} = {8DBB6DD9-F934-4BBA-B327-879B5011470D}
		{B064863E-1BC3-4110-9E06-B3D496668FF3} = {2FC0931F-A19F-4CB9-B67C-EE3011AECBB9}
		{58D52359-F44F-4278-BC17-091849649023} = {EE03A1D7-3D81-425C-ABA1-426486192D31}
		{24356942-2BE1-44E5-8F10-550DA8871DAA} = {FB193916-D800-46C9-86EB-E00045A3B023}
		{9F064270-99B2-4F22-9286-4D4E51DEBC10} = {2FC0931F-A19F-4CB9-B67C-EE3011AECBB9}
		{C37B11F0-99D7-4EED-BF45-024BDA8CD0F9} = {FB193916-D800-46C9-86EB-E00045A3B023}
		{EE03A1D7-3D81-425C-ABA1-426486192D31} = {2FC0931F-A19F-4CB9-B67C-EE3011AECBB9}
		{7F4D9BF6-CB6C-4B95-8585-4B9675F9B88F} = {5D7983FE-9745-4E52-9870-4A6175DA5D0E}
		{3EE849B7-EFEC-4778-BACE-4854CC9FD6CF} = {FB193916-D800-46C9-86EB-E00045A3B023}
		{2328833E-3BB7-42B6-9079-2241DD673C09} = {2FC0931F-A19F-4CB9-B67C-EE3011AECBB9}
		{9B02AB21-5C15-4168-AB4B-290A9266DE27} = {C37B11F0-99D7-4EED-BF45-024BDA8CD0F9}
	EndGlobalSection
	GlobalSection(ExtensibilityGlobals) = postSolution
		SolutionGuid = {349B898F-6762-4A99-8B84-B3635C1FA014}
	EndGlobalSection
EndGlobal
