
Microsoft Visual Studio Solution File, Format Version 12.00
# Visual Studio 15
VisualStudioVersion = 15.0.26730.16
MinimumVisualStudioVersion = 10.0.40219.1
Project("{9A19103F-16F7-4668-BE54-9A1E7A4F7556}") = "Merp.Accountancy.CommandStack", "src\Merp.Accountancy.CommandStack\Merp.Accountancy.CommandStack.csproj", "{A30BA9D9-CE21-407A-94FB-F9C8C99564B4}"
EndProject
Project("{9A19103F-16F7-4668-BE54-9A1E7A4F7556}") = "Merp.Accountancy.QueryStack", "src\Merp.Accountancy.QueryStack\Merp.Accountancy.QueryStack.csproj", "{9C6564D4-6628-4A91-B9D2-C1402E6BB49F}"
EndProject
Project("{9A19103F-16F7-4668-BE54-9A1E7A4F7556}") = "Merp.Registry.CommandStack", "src\Merp.Registry.CommandStack\Merp.Registry.CommandStack.csproj", "{C35B83A3-A7D7-4787-875F-9954FC68C874}"
EndProject
Project("{9A19103F-16F7-4668-BE54-9A1E7A4F7556}") = "Merp.Registry.QueryStack", "src\Merp.Registry.QueryStack\Merp.Registry.QueryStack.csproj", "{20C49CBE-1696-4EDD-B96A-2EFD0ACD526F}"
EndProject
Project("{9A19103F-16F7-4668-BE54-9A1E7A4F7556}") = "Merp.Accountancy.CommandStack.Tests", "test\Merp.Accountancy.CommandStack.Tests\Merp.Accountancy.CommandStack.Tests.csproj", "{7CF348DB-972B-4D3D-A289-4E4E3AEE84F3}"
EndProject
Project("{9A19103F-16F7-4668-BE54-9A1E7A4F7556}") = "Merp.Registry.CommandStack.Tests", "test\Merp.Registry.CommandStack.Tests\Merp.Registry.CommandStack.Tests.csproj", "{0C946005-96FD-482E-A85A-D6C00674D00E}"
EndProject
Project("{9A19103F-16F7-4668-BE54-9A1E7A4F7556}") = "Merp.Web.Site", "src\Merp.Web.Site\Merp.Web.Site.csproj", "{21C1AE34-DA48-408E-8B99-5DCDC449AB84}"
EndProject
Project("{9A19103F-16F7-4668-BE54-9A1E7A4F7556}") = "OnTime.TaskManagement.CommandStack", "src\OnTime.TaskManagement.CommandStack\OnTime.TaskManagement.CommandStack.csproj", "{1F4CB24A-D728-40A0-B574-23A91722E831}"
EndProject
Project("{9A19103F-16F7-4668-BE54-9A1E7A4F7556}") = "OnTime.TaskManagement.QueryStack", "src\OnTime.TaskManagement.QueryStack\OnTime.TaskManagement.QueryStack.csproj", "{9E66DC45-8A38-43F8-9BAA-91BE91DF0A2A}"
EndProject
Project("{9A19103F-16F7-4668-BE54-9A1E7A4F7556}") = "OnTime.TaskManagement.CommandStack.Tests", "test\OnTime.TaskManagement.CommandStack.Tests\OnTime.TaskManagement.CommandStack.Tests.csproj", "{FD83B0D6-7ADC-4A03-B4DF-19510BEBB0E5}"
EndProject
Project("{9A19103F-16F7-4668-BE54-9A1E7A4F7556}") = "Acl.Vies", "src\Acl.Vies\Acl.Vies.csproj", "{C8665D8A-A3AF-4F41-A435-EBADDB96DD03}"
EndProject
Project("{FAE04EC0-301F-11D3-BF4B-00C04F79EFBC}") = "Merp.Martin", "src\Merp.Martin\Merp.Martin.csproj", "{9C7E3A46-B60F-4052-9A21-DC8D1A942216}"
EndProject
Project("{9A19103F-16F7-4668-BE54-9A1E7A4F7556}") = "Merp.Accountancy.Web", "src\Merp.Accountancy.Web\Merp.Accountancy.Web.csproj", "{A0FF10FC-A8D5-40ED-B749-E0303C0011B8}"
EndProject
Project("{9A19103F-16F7-4668-BE54-9A1E7A4F7556}") = "Merp.Registry.Web", "src\Merp.Registry.Web\Merp.Registry.Web.csproj", "{4085F4C9-A720-40EA-97E6-9275D59F4718}"
EndProject
Project("{9A19103F-16F7-4668-BE54-9A1E7A4F7556}") = "OnTime.TaskManagement.Web", "src\OnTime.TaskManagement.Web\OnTime.TaskManagement.Web.csproj", "{A28963FF-BFF6-4DAE-B248-D6F1C3C773AB}"
EndProject
Project("{9A19103F-16F7-4668-BE54-9A1E7A4F7556}") = "Merp.Web", "src\Merp.Web\Merp.Web.csproj", "{61FEE25C-DFA7-43AB-A280-60E0516DCF06}"
EndProject
Project("{2150E333-8FDC-42A3-9474-1A3956D46DE8}") = "Accountancy", "Accountancy", "{2FC0931F-A19F-4CB9-B67C-EE3011AECBB9}"
EndProject
Project("{2150E333-8FDC-42A3-9474-1A3956D46DE8}") = "Registry", "Registry", "{FB193916-D800-46C9-86EB-E00045A3B023}"
EndProject
Project("{2150E333-8FDC-42A3-9474-1A3956D46DE8}") = "OnTime", "OnTime", "{82CD164B-3395-41D3-8F39-25F2FCA31B6E}"
EndProject
Project("{9A19103F-16F7-4668-BE54-9A1E7A4F7556}") = "Merp.Domain", "src\Merp.Domain\Merp.Domain.csproj", "{F5343E25-65EA-4776-BE50-6D815E1135B5}"
EndProject
Project("{2150E333-8FDC-42A3-9474-1A3956D46DE8}") = "Project Management", "Project Management", "{27F5E273-8089-4F0C-B255-6F7290E596EE}"
EndProject
Project("{9A19103F-16F7-4668-BE54-9A1E7A4F7556}") = "Merp.Sales.CommandStack", "src\Merp.Sales.CommandStack\Merp.Sales.CommandStack.csproj", "{4E623B9C-DE97-4BF8-83CC-912B099B48ED}"
EndProject
Project("{9A19103F-16F7-4668-BE54-9A1E7A4F7556}") = "Merp.Sales.CommandStack.Tests", "test\Merp.Sales.CommandStack.Tests\Merp.Sales.CommandStack.Tests.csproj", "{6198AE73-A853-4039-AD6E-14AB6D4C68FE}"
EndProject
Project("{9A19103F-16F7-4668-BE54-9A1E7A4F7556}") = "Merp.Sales.QueryStack", "src\Merp.Sales.QueryStack\Merp.Sales.QueryStack.csproj", "{11DCC79B-22B5-41F8-B05B-925A83421AC8}"
EndProject
Project("{9A19103F-16F7-4668-BE54-9A1E7A4F7556}") = "Merp.Sales.Web", "src\Merp.Sales.Web\Merp.Sales.Web.csproj", "{0D77D308-59C1-4866-8430-CF84B099CC32}"
EndProject
Global
	GlobalSection(SolutionConfigurationPlatforms) = preSolution
		Debug|Any CPU = Debug|Any CPU
		Release|Any CPU = Release|Any CPU
	EndGlobalSection
	GlobalSection(ProjectConfigurationPlatforms) = postSolution
		{A30BA9D9-CE21-407A-94FB-F9C8C99564B4}.Debug|Any CPU.ActiveCfg = Debug|Any CPU
		{A30BA9D9-CE21-407A-94FB-F9C8C99564B4}.Debug|Any CPU.Build.0 = Debug|Any CPU
		{A30BA9D9-CE21-407A-94FB-F9C8C99564B4}.Release|Any CPU.ActiveCfg = Release|Any CPU
		{A30BA9D9-CE21-407A-94FB-F9C8C99564B4}.Release|Any CPU.Build.0 = Release|Any CPU
		{9C6564D4-6628-4A91-B9D2-C1402E6BB49F}.Debug|Any CPU.ActiveCfg = Debug|Any CPU
		{9C6564D4-6628-4A91-B9D2-C1402E6BB49F}.Debug|Any CPU.Build.0 = Debug|Any CPU
		{9C6564D4-6628-4A91-B9D2-C1402E6BB49F}.Release|Any CPU.ActiveCfg = Release|Any CPU
		{9C6564D4-6628-4A91-B9D2-C1402E6BB49F}.Release|Any CPU.Build.0 = Release|Any CPU
		{C35B83A3-A7D7-4787-875F-9954FC68C874}.Debug|Any CPU.ActiveCfg = Debug|Any CPU
		{C35B83A3-A7D7-4787-875F-9954FC68C874}.Debug|Any CPU.Build.0 = Debug|Any CPU
		{C35B83A3-A7D7-4787-875F-9954FC68C874}.Release|Any CPU.ActiveCfg = Release|Any CPU
		{C35B83A3-A7D7-4787-875F-9954FC68C874}.Release|Any CPU.Build.0 = Release|Any CPU
		{20C49CBE-1696-4EDD-B96A-2EFD0ACD526F}.Debug|Any CPU.ActiveCfg = Debug|Any CPU
		{20C49CBE-1696-4EDD-B96A-2EFD0ACD526F}.Debug|Any CPU.Build.0 = Debug|Any CPU
		{20C49CBE-1696-4EDD-B96A-2EFD0ACD526F}.Release|Any CPU.ActiveCfg = Release|Any CPU
		{20C49CBE-1696-4EDD-B96A-2EFD0ACD526F}.Release|Any CPU.Build.0 = Release|Any CPU
		{7CF348DB-972B-4D3D-A289-4E4E3AEE84F3}.Debug|Any CPU.ActiveCfg = Debug|Any CPU
		{7CF348DB-972B-4D3D-A289-4E4E3AEE84F3}.Debug|Any CPU.Build.0 = Debug|Any CPU
		{7CF348DB-972B-4D3D-A289-4E4E3AEE84F3}.Release|Any CPU.ActiveCfg = Release|Any CPU
		{7CF348DB-972B-4D3D-A289-4E4E3AEE84F3}.Release|Any CPU.Build.0 = Release|Any CPU
		{0C946005-96FD-482E-A85A-D6C00674D00E}.Debug|Any CPU.ActiveCfg = Debug|Any CPU
		{0C946005-96FD-482E-A85A-D6C00674D00E}.Debug|Any CPU.Build.0 = Debug|Any CPU
		{0C946005-96FD-482E-A85A-D6C00674D00E}.Release|Any CPU.ActiveCfg = Release|Any CPU
		{0C946005-96FD-482E-A85A-D6C00674D00E}.Release|Any CPU.Build.0 = Release|Any CPU
		{21C1AE34-DA48-408E-8B99-5DCDC449AB84}.Debug|Any CPU.ActiveCfg = Debug|Any CPU
		{21C1AE34-DA48-408E-8B99-5DCDC449AB84}.Debug|Any CPU.Build.0 = Debug|Any CPU
		{21C1AE34-DA48-408E-8B99-5DCDC449AB84}.Release|Any CPU.ActiveCfg = Release|Any CPU
		{21C1AE34-DA48-408E-8B99-5DCDC449AB84}.Release|Any CPU.Build.0 = Release|Any CPU
		{1F4CB24A-D728-40A0-B574-23A91722E831}.Debug|Any CPU.ActiveCfg = Debug|Any CPU
		{1F4CB24A-D728-40A0-B574-23A91722E831}.Debug|Any CPU.Build.0 = Debug|Any CPU
		{1F4CB24A-D728-40A0-B574-23A91722E831}.Release|Any CPU.ActiveCfg = Release|Any CPU
		{1F4CB24A-D728-40A0-B574-23A91722E831}.Release|Any CPU.Build.0 = Release|Any CPU
		{9E66DC45-8A38-43F8-9BAA-91BE91DF0A2A}.Debug|Any CPU.ActiveCfg = Debug|Any CPU
		{9E66DC45-8A38-43F8-9BAA-91BE91DF0A2A}.Debug|Any CPU.Build.0 = Debug|Any CPU
		{9E66DC45-8A38-43F8-9BAA-91BE91DF0A2A}.Release|Any CPU.ActiveCfg = Release|Any CPU
		{9E66DC45-8A38-43F8-9BAA-91BE91DF0A2A}.Release|Any CPU.Build.0 = Release|Any CPU
		{FD83B0D6-7ADC-4A03-B4DF-19510BEBB0E5}.Debug|Any CPU.ActiveCfg = Debug|Any CPU
		{FD83B0D6-7ADC-4A03-B4DF-19510BEBB0E5}.Debug|Any CPU.Build.0 = Debug|Any CPU
		{FD83B0D6-7ADC-4A03-B4DF-19510BEBB0E5}.Release|Any CPU.ActiveCfg = Release|Any CPU
		{FD83B0D6-7ADC-4A03-B4DF-19510BEBB0E5}.Release|Any CPU.Build.0 = Release|Any CPU
		{C8665D8A-A3AF-4F41-A435-EBADDB96DD03}.Debug|Any CPU.ActiveCfg = Debug|Any CPU
		{C8665D8A-A3AF-4F41-A435-EBADDB96DD03}.Debug|Any CPU.Build.0 = Debug|Any CPU
		{C8665D8A-A3AF-4F41-A435-EBADDB96DD03}.Release|Any CPU.ActiveCfg = Release|Any CPU
		{C8665D8A-A3AF-4F41-A435-EBADDB96DD03}.Release|Any CPU.Build.0 = Release|Any CPU
		{9C7E3A46-B60F-4052-9A21-DC8D1A942216}.Debug|Any CPU.ActiveCfg = Debug|Any CPU
		{9C7E3A46-B60F-4052-9A21-DC8D1A942216}.Debug|Any CPU.Build.0 = Debug|Any CPU
		{9C7E3A46-B60F-4052-9A21-DC8D1A942216}.Release|Any CPU.ActiveCfg = Release|Any CPU
		{9C7E3A46-B60F-4052-9A21-DC8D1A942216}.Release|Any CPU.Build.0 = Release|Any CPU
		{A0FF10FC-A8D5-40ED-B749-E0303C0011B8}.Debug|Any CPU.ActiveCfg = Debug|Any CPU
		{A0FF10FC-A8D5-40ED-B749-E0303C0011B8}.Debug|Any CPU.Build.0 = Debug|Any CPU
		{A0FF10FC-A8D5-40ED-B749-E0303C0011B8}.Release|Any CPU.ActiveCfg = Release|Any CPU
		{A0FF10FC-A8D5-40ED-B749-E0303C0011B8}.Release|Any CPU.Build.0 = Release|Any CPU
		{4085F4C9-A720-40EA-97E6-9275D59F4718}.Debug|Any CPU.ActiveCfg = Debug|Any CPU
		{4085F4C9-A720-40EA-97E6-9275D59F4718}.Debug|Any CPU.Build.0 = Debug|Any CPU
		{4085F4C9-A720-40EA-97E6-9275D59F4718}.Release|Any CPU.ActiveCfg = Release|Any CPU
		{4085F4C9-A720-40EA-97E6-9275D59F4718}.Release|Any CPU.Build.0 = Release|Any CPU
		{A28963FF-BFF6-4DAE-B248-D6F1C3C773AB}.Debug|Any CPU.ActiveCfg = Debug|Any CPU
		{A28963FF-BFF6-4DAE-B248-D6F1C3C773AB}.Debug|Any CPU.Build.0 = Debug|Any CPU
		{A28963FF-BFF6-4DAE-B248-D6F1C3C773AB}.Release|Any CPU.ActiveCfg = Release|Any CPU
		{A28963FF-BFF6-4DAE-B248-D6F1C3C773AB}.Release|Any CPU.Build.0 = Release|Any CPU
		{61FEE25C-DFA7-43AB-A280-60E0516DCF06}.Debug|Any CPU.ActiveCfg = Debug|Any CPU
		{61FEE25C-DFA7-43AB-A280-60E0516DCF06}.Debug|Any CPU.Build.0 = Debug|Any CPU
		{61FEE25C-DFA7-43AB-A280-60E0516DCF06}.Release|Any CPU.ActiveCfg = Release|Any CPU
		{61FEE25C-DFA7-43AB-A280-60E0516DCF06}.Release|Any CPU.Build.0 = Release|Any CPU
		{F5343E25-65EA-4776-BE50-6D815E1135B5}.Debug|Any CPU.ActiveCfg = Debug|Any CPU
		{F5343E25-65EA-4776-BE50-6D815E1135B5}.Debug|Any CPU.Build.0 = Debug|Any CPU
		{F5343E25-65EA-4776-BE50-6D815E1135B5}.Release|Any CPU.ActiveCfg = Release|Any CPU
		{F5343E25-65EA-4776-BE50-6D815E1135B5}.Release|Any CPU.Build.0 = Release|Any CPU
		{4E623B9C-DE97-4BF8-83CC-912B099B48ED}.Debug|Any CPU.ActiveCfg = Debug|Any CPU
		{4E623B9C-DE97-4BF8-83CC-912B099B48ED}.Debug|Any CPU.Build.0 = Debug|Any CPU
		{4E623B9C-DE97-4BF8-83CC-912B099B48ED}.Release|Any CPU.ActiveCfg = Release|Any CPU
		{4E623B9C-DE97-4BF8-83CC-912B099B48ED}.Release|Any CPU.Build.0 = Release|Any CPU
		{6198AE73-A853-4039-AD6E-14AB6D4C68FE}.Debug|Any CPU.ActiveCfg = Debug|Any CPU
		{6198AE73-A853-4039-AD6E-14AB6D4C68FE}.Debug|Any CPU.Build.0 = Debug|Any CPU
		{6198AE73-A853-4039-AD6E-14AB6D4C68FE}.Release|Any CPU.ActiveCfg = Release|Any CPU
		{6198AE73-A853-4039-AD6E-14AB6D4C68FE}.Release|Any CPU.Build.0 = Release|Any CPU
		{11DCC79B-22B5-41F8-B05B-925A83421AC8}.Debug|Any CPU.ActiveCfg = Debug|Any CPU
		{11DCC79B-22B5-41F8-B05B-925A83421AC8}.Debug|Any CPU.Build.0 = Debug|Any CPU
		{11DCC79B-22B5-41F8-B05B-925A83421AC8}.Release|Any CPU.ActiveCfg = Release|Any CPU
		{11DCC79B-22B5-41F8-B05B-925A83421AC8}.Release|Any CPU.Build.0 = Release|Any CPU
		{0D77D308-59C1-4866-8430-CF84B099CC32}.Debug|Any CPU.ActiveCfg = Debug|Any CPU
		{0D77D308-59C1-4866-8430-CF84B099CC32}.Debug|Any CPU.Build.0 = Debug|Any CPU
		{0D77D308-59C1-4866-8430-CF84B099CC32}.Release|Any CPU.ActiveCfg = Release|Any CPU
		{0D77D308-59C1-4866-8430-CF84B099CC32}.Release|Any CPU.Build.0 = Release|Any CPU
	EndGlobalSection
	GlobalSection(SolutionProperties) = preSolution
		HideSolutionNode = FALSE
	EndGlobalSection
	GlobalSection(NestedProjects) = preSolution
		{A30BA9D9-CE21-407A-94FB-F9C8C99564B4} = {2FC0931F-A19F-4CB9-B67C-EE3011AECBB9}
		{9C6564D4-6628-4A91-B9D2-C1402E6BB49F} = {2FC0931F-A19F-4CB9-B67C-EE3011AECBB9}
		{C35B83A3-A7D7-4787-875F-9954FC68C874} = {FB193916-D800-46C9-86EB-E00045A3B023}
		{20C49CBE-1696-4EDD-B96A-2EFD0ACD526F} = {FB193916-D800-46C9-86EB-E00045A3B023}
		{7CF348DB-972B-4D3D-A289-4E4E3AEE84F3} = {2FC0931F-A19F-4CB9-B67C-EE3011AECBB9}
		{0C946005-96FD-482E-A85A-D6C00674D00E} = {FB193916-D800-46C9-86EB-E00045A3B023}
		{1F4CB24A-D728-40A0-B574-23A91722E831} = {82CD164B-3395-41D3-8F39-25F2FCA31B6E}
		{9E66DC45-8A38-43F8-9BAA-91BE91DF0A2A} = {82CD164B-3395-41D3-8F39-25F2FCA31B6E}
		{FD83B0D6-7ADC-4A03-B4DF-19510BEBB0E5} = {82CD164B-3395-41D3-8F39-25F2FCA31B6E}
		{A0FF10FC-A8D5-40ED-B749-E0303C0011B8} = {2FC0931F-A19F-4CB9-B67C-EE3011AECBB9}
		{4085F4C9-A720-40EA-97E6-9275D59F4718} = {FB193916-D800-46C9-86EB-E00045A3B023}
		{A28963FF-BFF6-4DAE-B248-D6F1C3C773AB} = {82CD164B-3395-41D3-8F39-25F2FCA31B6E}
		{4E623B9C-DE97-4BF8-83CC-912B099B48ED} = {27F5E273-8089-4F0C-B255-6F7290E596EE}
		{6198AE73-A853-4039-AD6E-14AB6D4C68FE} = {27F5E273-8089-4F0C-B255-6F7290E596EE}
		{11DCC79B-22B5-41F8-B05B-925A83421AC8} = {27F5E273-8089-4F0C-B255-6F7290E596EE}
		{0D77D308-59C1-4866-8430-CF84B099CC32} = {27F5E273-8089-4F0C-B255-6F7290E596EE}
	EndGlobalSection
	GlobalSection(ExtensibilityGlobals) = postSolution
		SolutionGuid = {349B898F-6762-4A99-8B84-B3635C1FA014}
	EndGlobalSection
EndGlobal
